
Microsoft Visual Studio Solution File, Format Version 12.00
# Visual Studio Version 17
VisualStudioVersion = 17.7.34202.233
MinimumVisualStudioVersion = 10.0.40219.1
Project("{2150E333-8FDC-42A3-9474-1A3956D46DE8}") = "Libraries", "Libraries", "{57D175A5-D984-4306-AF21-EBA672E40EF9}"
EndProject
Project("{FAE04EC0-301F-11D3-BF4B-00C04F79EFBC}") = "ManageSystem.Core", "Libraries\ManageSystem.Core\ManageSystem.Core.csproj", "{CF99C5E9-AAE4-4FEB-ABB4-E5338E5D2008}"
EndProject
Project("{FAE04EC0-301F-11D3-BF4B-00C04F79EFBC}") = "ManageSystem.Data", "Libraries\ManageSystem.Data\ManageSystem.Data.csproj", "{106DD3F6-7667-41B9-9BD3-BC8EEF776AE4}"
EndProject
Project("{FAE04EC0-301F-11D3-BF4B-00C04F79EFBC}") = "ManageSystem.Services", "Libraries\ManageSystem.Services\ManageSystem.Services.csproj", "{3DC45396-DC16-4685-8345-3E8F401E3FB1}"
EndProject
Project("{2150E333-8FDC-42A3-9474-1A3956D46DE8}") = "Tests", "Tests", "{17744575-1AB6-4259-904F-08DE95DB4858}"
EndProject
Project("{FAE04EC0-301F-11D3-BF4B-00C04F79EFBC}") = "WebTest", "Tests\WebTest\WebTest.csproj", "{F3D9F641-35DA-4595-A072-1C7A458995D2}"
EndProject
Project("{2150E333-8FDC-42A3-9474-1A3956D46DE8}") = "Presentation", "Presentation", "{FB67AB1D-A0EB-4E2E-AAB0-A436E7471814}"
EndProject
Project("{FAE04EC0-301F-11D3-BF4B-00C04F79EFBC}") = "ManageSystem.Web", "Presentation\ManageSystem.Web\ManageSystem.Web.csproj", "{AC8CDA82-ACE9-414B-8EA8-9C540F759DC7}"
EndProject
Project("{2150E333-8FDC-42A3-9474-1A3956D46DE8}") = "Tools", "Tools", "{386CC6F8-B3B4-437E-9DDB-1BDE6EED4896}"
EndProject
Project("{FAE04EC0-301F-11D3-BF4B-00C04F79EFBC}") = "CodematicWEB", "Tools\CodematicWEB\CodematicWEB.csproj", "{1353BB17-609B-4ECE-AA9E-FCA533FA5E8D}"
EndProject
Project("{FAE04EC0-301F-11D3-BF4B-00C04F79EFBC}") = "ManageSystem.Admin", "Presentation\ManageSystem.Admin\ManageSystem.Admin.csproj", "{BC9D86E9-4F80-406D-A9CF-75DB453ED83A}"
EndProject
Project("{FAE04EC0-301F-11D3-BF4B-00C04F79EFBC}") = "ManageSystem.Framework", "Presentation\ManageSystem.Framework\ManageSystem.Framework.csproj", "{5734C75E-45F1-4026-B3C0-D58F36714D2A}"
EndProject
Project("{2150E333-8FDC-42A3-9474-1A3956D46DE8}") = "Plugins", "Plugins", "{EE64A203-2025-4D30-A57A-551754C49064}"
EndProject
Project("{2150E333-8FDC-42A3-9474-1A3956D46DE8}") = "Api", "Api", "{9AC4D99E-242E-473F-AAF8-965CF00A7C2E}"
EndProject
Project("{FAE04EC0-301F-11D3-BF4B-00C04F79EFBC}") = "WebApi", "Api\WebApi\WebApi.csproj", "{B62E0CA7-617E-4514-99F7-94F4DFFB1DD9}"
EndProject
Project("{FAE04EC0-301F-11D3-BF4B-00C04F79EFBC}") = "InnerWebApi", "Api\InnerWebApi\InnerWebApi.csproj", "{EB824C61-1C7F-43FD-89BF-56DC75B9BEF1}"
EndProject
Project("{2150E333-8FDC-42A3-9474-1A3956D46DE8}") = "Document", "Document", "{830709E4-6E7C-49B7-A41E-D368D11B8774}"
EndProject
Project("{FAE04EC0-301F-11D3-BF4B-00C04F79EFBC}") = "DocumentProject", "ConsoleApplication1\DocumentProject.csproj", "{BBDAD112-C783-4DC6-BD0A-D1A21FFBB3AD}"
EndProject
Project("{2150E333-8FDC-42A3-9474-1A3956D46DE8}") = "WindowsService", "WindowsService", "{1826C344-FC26-4EF0-8F06-C823CA5C688E}"
EndProject
Project("{FAE04EC0-301F-11D3-BF4B-00C04F79EFBC}") = "QuartzService", "WindowsService\QuartzService\QuartzService.csproj", "{C1B5FEC0-A27B-4568-87C0-F05613A435EB}"
EndProject
Project("{FAE04EC0-301F-11D3-BF4B-00C04F79EFBC}") = "ManageSystem.Mobile", "Presentation\ManageSystem.Mobile\ManageSystem.Mobile.csproj", "{69569D7E-1B5B-4CCD-8330-5616867CCBB7}"
EndProject
Project("{FAE04EC0-301F-11D3-BF4B-00C04F79EFBC}") = "ManageSystem.InnerApi", "Presentation\ManageSystem.InnerApi\ManageSystem.InnerApi.csproj", "{74922B17-BF57-403C-9F67-48EEDE7B4420}"
EndProject
Global
	GlobalSection(SolutionConfigurationPlatforms) = preSolution
		Debug|Any CPU = Debug|Any CPU
		Debug|x86 = Debug|x86
		Release|Any CPU = Release|Any CPU
		Release|x86 = Release|x86
		Test|Any CPU = Test|Any CPU
		Test|x86 = Test|x86
	EndGlobalSection
	GlobalSection(ProjectConfigurationPlatforms) = postSolution
		{CF99C5E9-AAE4-4FEB-ABB4-E5338E5D2008}.Debug|Any CPU.ActiveCfg = Debug|Any CPU
		{CF99C5E9-AAE4-4FEB-ABB4-E5338E5D2008}.Debug|Any CPU.Build.0 = Debug|Any CPU
		{CF99C5E9-AAE4-4FEB-ABB4-E5338E5D2008}.Debug|x86.ActiveCfg = Debug|Any CPU
		{CF99C5E9-AAE4-4FEB-ABB4-E5338E5D2008}.Debug|x86.Build.0 = Debug|Any CPU
		{CF99C5E9-AAE4-4FEB-ABB4-E5338E5D2008}.Release|Any CPU.ActiveCfg = Release|Any CPU
		{CF99C5E9-AAE4-4FEB-ABB4-E5338E5D2008}.Release|Any CPU.Build.0 = Release|Any CPU
		{CF99C5E9-AAE4-4FEB-ABB4-E5338E5D2008}.Release|x86.ActiveCfg = Release|Any CPU
		{CF99C5E9-AAE4-4FEB-ABB4-E5338E5D2008}.Release|x86.Build.0 = Release|Any CPU
		{CF99C5E9-AAE4-4FEB-ABB4-E5338E5D2008}.Test|Any CPU.ActiveCfg = Release|Any CPU
		{CF99C5E9-AAE4-4FEB-ABB4-E5338E5D2008}.Test|Any CPU.Build.0 = Release|Any CPU
		{CF99C5E9-AAE4-4FEB-ABB4-E5338E5D2008}.Test|x86.ActiveCfg = Release|Any CPU
		{CF99C5E9-AAE4-4FEB-ABB4-E5338E5D2008}.Test|x86.Build.0 = Release|Any CPU
		{106DD3F6-7667-41B9-9BD3-BC8EEF776AE4}.Debug|Any CPU.ActiveCfg = Debug|Any CPU
		{106DD3F6-7667-41B9-9BD3-BC8EEF776AE4}.Debug|Any CPU.Build.0 = Debug|Any CPU
		{106DD3F6-7667-41B9-9BD3-BC8EEF776AE4}.Debug|x86.ActiveCfg = Debug|Any CPU
		{106DD3F6-7667-41B9-9BD3-BC8EEF776AE4}.Debug|x86.Build.0 = Debug|Any CPU
		{106DD3F6-7667-41B9-9BD3-BC8EEF776AE4}.Release|Any CPU.ActiveCfg = Release|Any CPU
		{106DD3F6-7667-41B9-9BD3-BC8EEF776AE4}.Release|Any CPU.Build.0 = Release|Any CPU
		{106DD3F6-7667-41B9-9BD3-BC8EEF776AE4}.Release|x86.ActiveCfg = Release|Any CPU
		{106DD3F6-7667-41B9-9BD3-BC8EEF776AE4}.Release|x86.Build.0 = Release|Any CPU
		{106DD3F6-7667-41B9-9BD3-BC8EEF776AE4}.Test|Any CPU.ActiveCfg = Release|Any CPU
		{106DD3F6-7667-41B9-9BD3-BC8EEF776AE4}.Test|Any CPU.Build.0 = Release|Any CPU
		{106DD3F6-7667-41B9-9BD3-BC8EEF776AE4}.Test|x86.ActiveCfg = Release|Any CPU
		{106DD3F6-7667-41B9-9BD3-BC8EEF776AE4}.Test|x86.Build.0 = Release|Any CPU
		{3DC45396-DC16-4685-8345-3E8F401E3FB1}.Debug|Any CPU.ActiveCfg = Debug|Any CPU
		{3DC45396-DC16-4685-8345-3E8F401E3FB1}.Debug|Any CPU.Build.0 = Debug|Any CPU
		{3DC45396-DC16-4685-8345-3E8F401E3FB1}.Debug|x86.ActiveCfg = Debug|Any CPU
		{3DC45396-DC16-4685-8345-3E8F401E3FB1}.Debug|x86.Build.0 = Debug|Any CPU
		{3DC45396-DC16-4685-8345-3E8F401E3FB1}.Release|Any CPU.ActiveCfg = Release|Any CPU
		{3DC45396-DC16-4685-8345-3E8F401E3FB1}.Release|Any CPU.Build.0 = Release|Any CPU
		{3DC45396-DC16-4685-8345-3E8F401E3FB1}.Release|x86.ActiveCfg = Release|Any CPU
		{3DC45396-DC16-4685-8345-3E8F401E3FB1}.Release|x86.Build.0 = Release|Any CPU
		{3DC45396-DC16-4685-8345-3E8F401E3FB1}.Test|Any CPU.ActiveCfg = Release|Any CPU
		{3DC45396-DC16-4685-8345-3E8F401E3FB1}.Test|Any CPU.Build.0 = Release|Any CPU
		{3DC45396-DC16-4685-8345-3E8F401E3FB1}.Test|x86.ActiveCfg = Release|Any CPU
		{3DC45396-DC16-4685-8345-3E8F401E3FB1}.Test|x86.Build.0 = Release|Any CPU
		{F3D9F641-35DA-4595-A072-1C7A458995D2}.Debug|Any CPU.ActiveCfg = Debug|Any CPU
		{F3D9F641-35DA-4595-A072-1C7A458995D2}.Debug|Any CPU.Build.0 = Debug|Any CPU
		{F3D9F641-35DA-4595-A072-1C7A458995D2}.Debug|x86.ActiveCfg = Debug|Any CPU
		{F3D9F641-35DA-4595-A072-1C7A458995D2}.Debug|x86.Build.0 = Debug|Any CPU
		{F3D9F641-35DA-4595-A072-1C7A458995D2}.Release|Any CPU.ActiveCfg = Release|Any CPU
		{F3D9F641-35DA-4595-A072-1C7A458995D2}.Release|Any CPU.Build.0 = Release|Any CPU
		{F3D9F641-35DA-4595-A072-1C7A458995D2}.Release|x86.ActiveCfg = Release|Any CPU
		{F3D9F641-35DA-4595-A072-1C7A458995D2}.Release|x86.Build.0 = Release|Any CPU
		{F3D9F641-35DA-4595-A072-1C7A458995D2}.Test|Any CPU.ActiveCfg = Release|Any CPU
		{F3D9F641-35DA-4595-A072-1C7A458995D2}.Test|Any CPU.Build.0 = Release|Any CPU
		{F3D9F641-35DA-4595-A072-1C7A458995D2}.Test|x86.ActiveCfg = Release|Any CPU
		{F3D9F641-35DA-4595-A072-1C7A458995D2}.Test|x86.Build.0 = Release|Any CPU
		{AC8CDA82-ACE9-414B-8EA8-9C540F759DC7}.Debug|Any CPU.ActiveCfg = Debug|Any CPU
		{AC8CDA82-ACE9-414B-8EA8-9C540F759DC7}.Debug|Any CPU.Build.0 = Debug|Any CPU
		{AC8CDA82-ACE9-414B-8EA8-9C540F759DC7}.Debug|x86.ActiveCfg = Debug|Any CPU
		{AC8CDA82-ACE9-414B-8EA8-9C540F759DC7}.Debug|x86.Build.0 = Debug|Any CPU
		{AC8CDA82-ACE9-414B-8EA8-9C540F759DC7}.Release|Any CPU.ActiveCfg = Release|Any CPU
		{AC8CDA82-ACE9-414B-8EA8-9C540F759DC7}.Release|Any CPU.Build.0 = Release|Any CPU
		{AC8CDA82-ACE9-414B-8EA8-9C540F759DC7}.Release|x86.ActiveCfg = Release|Any CPU
		{AC8CDA82-ACE9-414B-8EA8-9C540F759DC7}.Release|x86.Build.0 = Release|Any CPU
		{AC8CDA82-ACE9-414B-8EA8-9C540F759DC7}.Test|Any CPU.ActiveCfg = Release|Any CPU
		{AC8CDA82-ACE9-414B-8EA8-9C540F759DC7}.Test|Any CPU.Build.0 = Release|Any CPU
		{AC8CDA82-ACE9-414B-8EA8-9C540F759DC7}.Test|x86.ActiveCfg = Release|Any CPU
		{AC8CDA82-ACE9-414B-8EA8-9C540F759DC7}.Test|x86.Build.0 = Release|Any CPU
		{1353BB17-609B-4ECE-AA9E-FCA533FA5E8D}.Debug|Any CPU.ActiveCfg = Debug|Any CPU
		{1353BB17-609B-4ECE-AA9E-FCA533FA5E8D}.Debug|Any CPU.Build.0 = Debug|Any CPU
		{1353BB17-609B-4ECE-AA9E-FCA533FA5E8D}.Debug|x86.ActiveCfg = Debug|Any CPU
		{1353BB17-609B-4ECE-AA9E-FCA533FA5E8D}.Debug|x86.Build.0 = Debug|Any CPU
		{1353BB17-609B-4ECE-AA9E-FCA533FA5E8D}.Release|Any CPU.ActiveCfg = Release|Any CPU
		{1353BB17-609B-4ECE-AA9E-FCA533FA5E8D}.Release|Any CPU.Build.0 = Release|Any CPU
		{1353BB17-609B-4ECE-AA9E-FCA533FA5E8D}.Release|x86.ActiveCfg = Release|Any CPU
		{1353BB17-609B-4ECE-AA9E-FCA533FA5E8D}.Release|x86.Build.0 = Release|Any CPU
		{1353BB17-609B-4ECE-AA9E-FCA533FA5E8D}.Test|Any CPU.ActiveCfg = Release|Any CPU
		{1353BB17-609B-4ECE-AA9E-FCA533FA5E8D}.Test|Any CPU.Build.0 = Release|Any CPU
		{1353BB17-609B-4ECE-AA9E-FCA533FA5E8D}.Test|x86.ActiveCfg = Release|Any CPU
		{1353BB17-609B-4ECE-AA9E-FCA533FA5E8D}.Test|x86.Build.0 = Release|Any CPU
		{BC9D86E9-4F80-406D-A9CF-75DB453ED83A}.Debug|Any CPU.ActiveCfg = Debug|Any CPU
		{BC9D86E9-4F80-406D-A9CF-75DB453ED83A}.Debug|Any CPU.Build.0 = Debug|Any CPU
		{BC9D86E9-4F80-406D-A9CF-75DB453ED83A}.Debug|x86.ActiveCfg = Debug|Any CPU
		{BC9D86E9-4F80-406D-A9CF-75DB453ED83A}.Debug|x86.Build.0 = Debug|Any CPU
		{BC9D86E9-4F80-406D-A9CF-75DB453ED83A}.Release|Any CPU.ActiveCfg = Release|Any CPU
		{BC9D86E9-4F80-406D-A9CF-75DB453ED83A}.Release|Any CPU.Build.0 = Release|Any CPU
		{BC9D86E9-4F80-406D-A9CF-75DB453ED83A}.Release|x86.ActiveCfg = Release|Any CPU
		{BC9D86E9-4F80-406D-A9CF-75DB453ED83A}.Release|x86.Build.0 = Release|Any CPU
		{BC9D86E9-4F80-406D-A9CF-75DB453ED83A}.Test|Any CPU.ActiveCfg = Release|Any CPU
		{BC9D86E9-4F80-406D-A9CF-75DB453ED83A}.Test|Any CPU.Build.0 = Release|Any CPU
		{BC9D86E9-4F80-406D-A9CF-75DB453ED83A}.Test|x86.ActiveCfg = Release|Any CPU
		{BC9D86E9-4F80-406D-A9CF-75DB453ED83A}.Test|x86.Build.0 = Release|Any CPU
		{5734C75E-45F1-4026-B3C0-D58F36714D2A}.Debug|Any CPU.ActiveCfg = Debug|Any CPU
		{5734C75E-45F1-4026-B3C0-D58F36714D2A}.Debug|Any CPU.Build.0 = Debug|Any CPU
		{5734C75E-45F1-4026-B3C0-D58F36714D2A}.Debug|x86.ActiveCfg = Debug|Any CPU
		{5734C75E-45F1-4026-B3C0-D58F36714D2A}.Debug|x86.Build.0 = Debug|Any CPU
		{5734C75E-45F1-4026-B3C0-D58F36714D2A}.Release|Any CPU.ActiveCfg = Release|Any CPU
		{5734C75E-45F1-4026-B3C0-D58F36714D2A}.Release|Any CPU.Build.0 = Release|Any CPU
		{5734C75E-45F1-4026-B3C0-D58F36714D2A}.Release|x86.ActiveCfg = Release|Any CPU
		{5734C75E-45F1-4026-B3C0-D58F36714D2A}.Release|x86.Build.0 = Release|Any CPU
		{5734C75E-45F1-4026-B3C0-D58F36714D2A}.Test|Any CPU.ActiveCfg = Release|Any CPU
		{5734C75E-45F1-4026-B3C0-D58F36714D2A}.Test|Any CPU.Build.0 = Release|Any CPU
		{5734C75E-45F1-4026-B3C0-D58F36714D2A}.Test|x86.ActiveCfg = Release|Any CPU
		{5734C75E-45F1-4026-B3C0-D58F36714D2A}.Test|x86.Build.0 = Release|Any CPU
		{B62E0CA7-617E-4514-99F7-94F4DFFB1DD9}.Debug|Any CPU.ActiveCfg = Debug|Any CPU
		{B62E0CA7-617E-4514-99F7-94F4DFFB1DD9}.Debug|Any CPU.Build.0 = Debug|Any CPU
		{B62E0CA7-617E-4514-99F7-94F4DFFB1DD9}.Debug|x86.ActiveCfg = Debug|Any CPU
		{B62E0CA7-617E-4514-99F7-94F4DFFB1DD9}.Debug|x86.Build.0 = Debug|Any CPU
		{B62E0CA7-617E-4514-99F7-94F4DFFB1DD9}.Release|Any CPU.ActiveCfg = Release|Any CPU
		{B62E0CA7-617E-4514-99F7-94F4DFFB1DD9}.Release|Any CPU.Build.0 = Release|Any CPU
		{B62E0CA7-617E-4514-99F7-94F4DFFB1DD9}.Release|x86.ActiveCfg = Release|Any CPU
		{B62E0CA7-617E-4514-99F7-94F4DFFB1DD9}.Release|x86.Build.0 = Release|Any CPU
		{B62E0CA7-617E-4514-99F7-94F4DFFB1DD9}.Test|Any CPU.ActiveCfg = Release|Any CPU
		{B62E0CA7-617E-4514-99F7-94F4DFFB1DD9}.Test|Any CPU.Build.0 = Release|Any CPU
		{B62E0CA7-617E-4514-99F7-94F4DFFB1DD9}.Test|x86.ActiveCfg = Release|Any CPU
		{B62E0CA7-617E-4514-99F7-94F4DFFB1DD9}.Test|x86.Build.0 = Release|Any CPU
		{EB824C61-1C7F-43FD-89BF-56DC75B9BEF1}.Debug|Any CPU.ActiveCfg = Debug|Any CPU
		{EB824C61-1C7F-43FD-89BF-56DC75B9BEF1}.Debug|Any CPU.Build.0 = Debug|Any CPU
		{EB824C61-1C7F-43FD-89BF-56DC75B9BEF1}.Debug|x86.ActiveCfg = Debug|Any CPU
		{EB824C61-1C7F-43FD-89BF-56DC75B9BEF1}.Debug|x86.Build.0 = Debug|Any CPU
		{EB824C61-1C7F-43FD-89BF-56DC75B9BEF1}.Release|Any CPU.ActiveCfg = Release|Any CPU
		{EB824C61-1C7F-43FD-89BF-56DC75B9BEF1}.Release|Any CPU.Build.0 = Release|Any CPU
		{EB824C61-1C7F-43FD-89BF-56DC75B9BEF1}.Release|x86.ActiveCfg = Release|Any CPU
		{EB824C61-1C7F-43FD-89BF-56DC75B9BEF1}.Release|x86.Build.0 = Release|Any CPU
		{EB824C61-1C7F-43FD-89BF-56DC75B9BEF1}.Test|Any CPU.ActiveCfg = Release|Any CPU
		{EB824C61-1C7F-43FD-89BF-56DC75B9BEF1}.Test|Any CPU.Build.0 = Release|Any CPU
		{EB824C61-1C7F-43FD-89BF-56DC75B9BEF1}.Test|x86.ActiveCfg = Release|Any CPU
		{EB824C61-1C7F-43FD-89BF-56DC75B9BEF1}.Test|x86.Build.0 = Release|Any CPU
		{BBDAD112-C783-4DC6-BD0A-D1A21FFBB3AD}.Debug|Any CPU.ActiveCfg = Debug|Any CPU
		{BBDAD112-C783-4DC6-BD0A-D1A21FFBB3AD}.Debug|Any CPU.Build.0 = Debug|Any CPU
		{BBDAD112-C783-4DC6-BD0A-D1A21FFBB3AD}.Debug|x86.ActiveCfg = Debug|Any CPU
		{BBDAD112-C783-4DC6-BD0A-D1A21FFBB3AD}.Debug|x86.Build.0 = Debug|Any CPU
		{BBDAD112-C783-4DC6-BD0A-D1A21FFBB3AD}.Release|Any CPU.ActiveCfg = Release|Any CPU
		{BBDAD112-C783-4DC6-BD0A-D1A21FFBB3AD}.Release|Any CPU.Build.0 = Release|Any CPU
		{BBDAD112-C783-4DC6-BD0A-D1A21FFBB3AD}.Release|x86.ActiveCfg = Release|Any CPU
		{BBDAD112-C783-4DC6-BD0A-D1A21FFBB3AD}.Release|x86.Build.0 = Release|Any CPU
		{BBDAD112-C783-4DC6-BD0A-D1A21FFBB3AD}.Test|Any CPU.ActiveCfg = Release|Any CPU
		{BBDAD112-C783-4DC6-BD0A-D1A21FFBB3AD}.Test|Any CPU.Build.0 = Release|Any CPU
		{BBDAD112-C783-4DC6-BD0A-D1A21FFBB3AD}.Test|x86.ActiveCfg = Release|Any CPU
		{BBDAD112-C783-4DC6-BD0A-D1A21FFBB3AD}.Test|x86.Build.0 = Release|Any CPU
		{C1B5FEC0-A27B-4568-87C0-F05613A435EB}.Debug|Any CPU.ActiveCfg = Debug|Any CPU
		{C1B5FEC0-A27B-4568-87C0-F05613A435EB}.Debug|Any CPU.Build.0 = Debug|Any CPU
		{C1B5FEC0-A27B-4568-87C0-F05613A435EB}.Debug|x86.ActiveCfg = Debug|Any CPU
		{C1B5FEC0-A27B-4568-87C0-F05613A435EB}.Debug|x86.Build.0 = Debug|Any CPU
		{C1B5FEC0-A27B-4568-87C0-F05613A435EB}.Release|Any CPU.ActiveCfg = Release|Any CPU
		{C1B5FEC0-A27B-4568-87C0-F05613A435EB}.Release|Any CPU.Build.0 = Release|Any CPU
		{C1B5FEC0-A27B-4568-87C0-F05613A435EB}.Release|x86.ActiveCfg = Release|Any CPU
		{C1B5FEC0-A27B-4568-87C0-F05613A435EB}.Release|x86.Build.0 = Release|Any CPU
		{C1B5FEC0-A27B-4568-87C0-F05613A435EB}.Test|Any CPU.ActiveCfg = Release|Any CPU
		{C1B5FEC0-A27B-4568-87C0-F05613A435EB}.Test|Any CPU.Build.0 = Release|Any CPU
		{C1B5FEC0-A27B-4568-87C0-F05613A435EB}.Test|x86.ActiveCfg = Release|Any CPU
		{C1B5FEC0-A27B-4568-87C0-F05613A435EB}.Test|x86.Build.0 = Release|Any CPU
		{69569D7E-1B5B-4CCD-8330-5616867CCBB7}.Debug|Any CPU.ActiveCfg = Debug|Any CPU
		{69569D7E-1B5B-4CCD-8330-5616867CCBB7}.Debug|Any CPU.Build.0 = Debug|Any CPU
		{69569D7E-1B5B-4CCD-8330-5616867CCBB7}.Debug|x86.ActiveCfg = Debug|Any CPU
		{69569D7E-1B5B-4CCD-8330-5616867CCBB7}.Debug|x86.Build.0 = Debug|Any CPU
		{69569D7E-1B5B-4CCD-8330-5616867CCBB7}.Release|Any CPU.ActiveCfg = Release|Any CPU
		{69569D7E-1B5B-4CCD-8330-5616867CCBB7}.Release|Any CPU.Build.0 = Release|Any CPU
		{69569D7E-1B5B-4CCD-8330-5616867CCBB7}.Release|x86.ActiveCfg = Release|Any CPU
		{69569D7E-1B5B-4CCD-8330-5616867CCBB7}.Release|x86.Build.0 = Release|Any CPU
		{69569D7E-1B5B-4CCD-8330-5616867CCBB7}.Test|Any CPU.ActiveCfg = Release|Any CPU
		{69569D7E-1B5B-4CCD-8330-5616867CCBB7}.Test|Any CPU.Build.0 = Release|Any CPU
		{69569D7E-1B5B-4CCD-8330-5616867CCBB7}.Test|x86.ActiveCfg = Release|Any CPU
		{69569D7E-1B5B-4CCD-8330-5616867CCBB7}.Test|x86.Build.0 = Release|Any CPU
		{74922B17-BF57-403C-9F67-48EEDE7B4420}.Debug|Any CPU.ActiveCfg = Debug|Any CPU
		{74922B17-BF57-403C-9F67-48EEDE7B4420}.Debug|Any CPU.Build.0 = Debug|Any CPU
		{74922B17-BF57-403C-9F67-48EEDE7B4420}.Debug|x86.ActiveCfg = Debug|Any CPU
		{74922B17-BF57-403C-9F67-48EEDE7B4420}.Debug|x86.Build.0 = Debug|Any CPU
		{74922B17-BF57-403C-9F67-48EEDE7B4420}.Release|Any CPU.ActiveCfg = Release|Any CPU
		{74922B17-BF57-403C-9F67-48EEDE7B4420}.Release|Any CPU.Build.0 = Release|Any CPU
		{74922B17-BF57-403C-9F67-48EEDE7B4420}.Release|x86.ActiveCfg = Release|Any CPU
		{74922B17-BF57-403C-9F67-48EEDE7B4420}.Release|x86.Build.0 = Release|Any CPU
		{74922B17-BF57-403C-9F67-48EEDE7B4420}.Test|Any CPU.ActiveCfg = Release|Any CPU
		{74922B17-BF57-403C-9F67-48EEDE7B4420}.Test|Any CPU.Build.0 = Release|Any CPU
		{74922B17-BF57-403C-9F67-48EEDE7B4420}.Test|x86.ActiveCfg = Release|Any CPU
		{74922B17-BF57-403C-9F67-48EEDE7B4420}.Test|x86.Build.0 = Release|Any CPU
	EndGlobalSection
	GlobalSection(SolutionProperties) = preSolution
		HideSolutionNode = FALSE
	EndGlobalSection
	GlobalSection(NestedProjects) = preSolution
		{CF99C5E9-AAE4-4FEB-ABB4-E5338E5D2008} = {57D175A5-D984-4306-AF21-EBA672E40EF9}
		{106DD3F6-7667-41B9-9BD3-BC8EEF776AE4} = {57D175A5-D984-4306-AF21-EBA672E40EF9}
		{3DC45396-DC16-4685-8345-3E8F401E3FB1} = {57D175A5-D984-4306-AF21-EBA672E40EF9}
		{F3D9F641-35DA-4595-A072-1C7A458995D2} = {17744575-1AB6-4259-904F-08DE95DB4858}
		{AC8CDA82-ACE9-414B-8EA8-9C540F759DC7} = {FB67AB1D-A0EB-4E2E-AAB0-A436E7471814}
		{1353BB17-609B-4ECE-AA9E-FCA533FA5E8D} = {386CC6F8-B3B4-437E-9DDB-1BDE6EED4896}
		{BC9D86E9-4F80-406D-A9CF-75DB453ED83A} = {FB67AB1D-A0EB-4E2E-AAB0-A436E7471814}
		{5734C75E-45F1-4026-B3C0-D58F36714D2A} = {FB67AB1D-A0EB-4E2E-AAB0-A436E7471814}
		{B62E0CA7-617E-4514-99F7-94F4DFFB1DD9} = {9AC4D99E-242E-473F-AAF8-965CF00A7C2E}
		{EB824C61-1C7F-43FD-89BF-56DC75B9BEF1} = {9AC4D99E-242E-473F-AAF8-965CF00A7C2E}
		{BBDAD112-C783-4DC6-BD0A-D1A21FFBB3AD} = {830709E4-6E7C-49B7-A41E-D368D11B8774}
		{C1B5FEC0-A27B-4568-87C0-F05613A435EB} = {1826C344-FC26-4EF0-8F06-C823CA5C688E}
		{69569D7E-1B5B-4CCD-8330-5616867CCBB7} = {FB67AB1D-A0EB-4E2E-AAB0-A436E7471814}
		{74922B17-BF57-403C-9F67-48EEDE7B4420} = {FB67AB1D-A0EB-4E2E-AAB0-A436E7471814}
	EndGlobalSection
	GlobalSection(ExtensibilityGlobals) = postSolution
		SolutionGuid = {1628B865-5DAA-45D0-B1EE-EA9D1BBE6097}
		VisualSVNWorkingCopyRoot = .
	EndGlobalSection
EndGlobal
